
Microsoft Visual Studio Solution File, Format Version 12.00
# Visual Studio Version 17
VisualStudioVersion = 17.7.34024.191
MinimumVisualStudioVersion = 10.0.40219.1
Project("{FAE04EC0-301F-11D3-BF4B-00C04F79EFBC}") = "CoffeeShopApp", "_CoffeeShopApp\CoffeeShopApp.csproj", "{AF212C06-070E-4D51-A73F-B2DD125ACD7F}"
EndProject
Global
	GlobalSection(SolutionConfigurationPlatforms) = preSolution
		Debug|Any CPU = Debug|Any CPU
		Release|Any CPU = Release|Any CPU
	EndGlobalSection
	GlobalSection(ProjectConfigurationPlatforms) = postSolution
		{AF212C06-070E-4D51-A73F-B2DD125ACD7F}.Debug|Any CPU.ActiveCfg = Debug|Any CPU
		{AF212C06-070E-4D51-A73F-B2DD125ACD7F}.Debug|Any CPU.Build.0 = Debug|Any CPU
		{AF212C06-070E-4D51-A73F-B2DD125ACD7F}.Release|Any CPU.ActiveCfg = Release|Any CPU
		{AF212C06-070E-4D51-A73F-B2DD125ACD7F}.Release|Any CPU.Build.0 = Release|Any CPU
	EndGlobalSection
	GlobalSection(SolutionProperties) = preSolution
		HideSolutionNode = FALSE
	EndGlobalSection
	GlobalSection(ExtensibilityGlobals) = postSolution
		SolutionGuid = {BDE2BA7D-AA0B-47A6-9A0F-F3A617A89095}
	EndGlobalSection
EndGlobal
